
Microsoft Visual Studio Solution File, Format Version 12.00
# Visual Studio for Mac
Project("{FAE04EC0-301F-11D3-BF4B-00C04F79EFBC}") = "Week9_PMap", "Assembly-CSharp.csproj", "{7B6515A5-A2B2-5546-7B25-A6210DCC796D}"
EndProject
Project("{FAE04EC0-301F-11D3-BF4B-00C04F79EFBC}") = "Week9_PMap", "Assembly-CSharp-Editor.csproj", "{B3D5077A-FDB2-8300-DE34-3F6AEB9C9F0E}"
EndProject
Global
	GlobalSection(SolutionConfigurationPlatforms) = preSolution
		Debug|Any CPU = Debug|Any CPU
		Release|Any CPU = Release|Any CPU
	EndGlobalSection
	GlobalSection(ProjectConfigurationPlatforms) = postSolution
		{7B6515A5-A2B2-5546-7B25-A6210DCC796D}.Debug|Any CPU.ActiveCfg = Debug|Any CPU
		{7B6515A5-A2B2-5546-7B25-A6210DCC796D}.Debug|Any CPU.Build.0 = Debug|Any CPU
		{7B6515A5-A2B2-5546-7B25-A6210DCC796D}.Release|Any CPU.ActiveCfg = Release|Any CPU
		{7B6515A5-A2B2-5546-7B25-A6210DCC796D}.Release|Any CPU.Build.0 = Release|Any CPU
		{B3D5077A-FDB2-8300-DE34-3F6AEB9C9F0E}.Debug|Any CPU.ActiveCfg = Debug|Any CPU
		{B3D5077A-FDB2-8300-DE34-3F6AEB9C9F0E}.Debug|Any CPU.Build.0 = Debug|Any CPU
		{B3D5077A-FDB2-8300-DE34-3F6AEB9C9F0E}.Release|Any CPU.ActiveCfg = Release|Any CPU
		{B3D5077A-FDB2-8300-DE34-3F6AEB9C9F0E}.Release|Any CPU.Build.0 = Release|Any CPU
	EndGlobalSection
	GlobalSection(SolutionProperties) = preSolution
		HideSolutionNode = FALSE
	EndGlobalSection
EndGlobal
